<?xml version="1.0" encoding="utf-8"?>
<Project ToolsVersion="4.0" xmlns="http://schemas.microsoft.com/developer/msbuild/2003">
  <ItemGroup>
    <Filter Include="Quelldateien">
      <UniqueIdentifier>{4FC737F1-C7A5-4376-A066-2A32D752A2FF}</UniqueIdentifier>
      <Extensions>cpp;c;cc;cxx;def;odl;idl;hpj;bat;asm;asmx</Extensions>
    </Filter>
    <Filter Include="Headerdateien">
      <UniqueIdentifier>{93995380-89BD-4b04-88EB-625FBE52EBFB}</UniqueIdentifier>
      <Extensions>h;hh;hpp;hxx;hm;inl;inc;ipp;xsd</Extensions>
    </Filter>
    <Filter Include="Ressourcendateien">
      <UniqueIdentifier>{67DA6AB6-F800-4c08-8B7A-83BB121AAD01}</UniqueIdentifier>
      <Extensions>rc;ico;cur;bmp;dlg;rc2;rct;bin;rgs;gif;jpg;jpeg;jpe;resx;tiff;tif;png;wav;mfcribbon-ms</Extensions>
    </Filter>
    <Filter Include="Quelldateien\Tests">
      <UniqueIdentifier>{c5189604-1f1a-4cc6-b6c5-e8b4fb3ab810}</UniqueIdentifier>
    </Filter>
    <Filter Include="Quelldateien\Game">
      <UniqueIdentifier>{db7de0c2-2fe3-4d40-a712-eb338faa128f}</UniqueIdentifier>
    </Filter>
    <Filter Include="Headerdateien\Game">
      <UniqueIdentifier>{b42c2ffe-7a1a-43d2-bba0-e19fb3e391bc}</UniqueIdentifier>
    </Filter>
  </ItemGroup>
  <ItemGroup>
    <ClInclude Include="targetver.h">
      <Filter>Headerdateien</Filter>
    </ClInclude>
    <ClInclude Include="TestDevice.h">
      <Filter>Headerdateien</Filter>
    </ClInclude>
    <ClInclude Include="..\Breakout-Go\Ball.h">
      <Filter>Headerdateien\Game</Filter>
    </ClInclude>
    <ClInclude Include="..\Breakout-Go\Rectangle.h">
      <Filter>Headerdateien\Game</Filter>
    </ClInclude>
    <ClInclude Include="..\Breakout-Go\Renderer.h">
      <Filter>Headerdateien\Game</Filter>
    </ClInclude>
    <ClInclude Include="..\Breakout-Go\Slider.h">
      <Filter>Headerdateien\Game</Filter>
    </ClInclude>
    <ClInclude Include="..\Breakout-Go\Level.h">
      <Filter>Headerdateien\Game</Filter>
    </ClInclude>
    <ClInclude Include="..\Breakout-Go\Device.h">
      <Filter>Headerdateien\Game</Filter>
    </ClInclude>
    <ClInclude Include="DrawOperationRectangle.h">
      <Filter>Headerdateien</Filter>
    </ClInclude>
    <ClInclude Include="DrawOperationCircle.h">
      <Filter>Headerdateien</Filter>
    </ClInclude>
  </ItemGroup>
  <ItemGroup>
    <ClCompile Include="SliderTest.cpp">
      <Filter>Quelldateien\Tests</Filter>
    </ClCompile>
    <ClCompile Include="RendererTest.cpp">
      <Filter>Quelldateien\Tests</Filter>
    </ClCompile>
    <ClCompile Include="TestDevice.cpp">
      <Filter>Quelldateien</Filter>
    </ClCompile>
    <ClCompile Include="..\Breakout-Go\Renderer.cpp">
      <Filter>Quelldateien\Game</Filter>
    </ClCompile>
    <ClCompile Include="..\Breakout-Go\Slider.cpp">
      <Filter>Quelldateien\Game</Filter>
    </ClCompile>
    <ClCompile Include="..\Breakout-Go\Ball.cpp">
      <Filter>Quelldateien\Game</Filter>
    </ClCompile>
    <ClCompile Include="..\Breakout-Go\Rectangle.cpp">
      <Filter>Quelldateien\Game</Filter>
    </ClCompile>
    <ClCompile Include="..\Breakout-Go\Level.cpp">
      <Filter>Quelldateien\Game</Filter>
    </ClCompile>
    <ClCompile Include="LevelTest.cpp">
      <Filter>Quelldateien\Tests</Filter>
    </ClCompile>
  </ItemGroup>
</Project>